{
  "originHash" : "f7a537fc12fd62f71d5295830e4086d0505f0d1c93e4b78ddcf4084825b16e73",
  "pins" : [
    {
      "identity" : "factory",
      "kind" : "remoteSourceControl",
      "location" : "https://github.com/hmlongco/Factory.git",
      "state" : {
        "revision" : "587995f7d5cc667951d635fbf6b4252324ba0439",
        "version" : "2.3.2"
      }
    }
  ],
  "version" : 3
}
